
Microsoft Visual Studio Solution File, Format Version 12.00
# Visual Studio Version 16
VisualStudioVersion = 16.0.31911.196
MinimumVisualStudioVersion = 10.0.40219.1
Project("{FAE04EC0-301F-11D3-BF4B-00C04F79EFBC}") = "PrimeiroApp", "PrimeiroApp\PrimeiroApp.csproj", "{A1319D33-5641-439F-A10A-A38E2820AC49}"
EndProject
Global
	GlobalSection(SolutionConfigurationPlatforms) = preSolution
		Debug|Any CPU = Debug|Any CPU
		Release|Any CPU = Release|Any CPU
	EndGlobalSection
	GlobalSection(ProjectConfigurationPlatforms) = postSolution
		{A1319D33-5641-439F-A10A-A38E2820AC49}.Debug|Any CPU.ActiveCfg = Debug|Any CPU
		{A1319D33-5641-439F-A10A-A38E2820AC49}.Debug|Any CPU.Build.0 = Debug|Any CPU
		{A1319D33-5641-439F-A10A-A38E2820AC49}.Release|Any CPU.ActiveCfg = Release|Any CPU
		{A1319D33-5641-439F-A10A-A38E2820AC49}.Release|Any CPU.Build.0 = Release|Any CPU
	EndGlobalSection
	GlobalSection(SolutionProperties) = preSolution
		HideSolutionNode = FALSE
	EndGlobalSection
	GlobalSection(ExtensibilityGlobals) = postSolution
		SolutionGuid = {098FDA7B-249B-4EE0-B176-1E3D9C30525C}
	EndGlobalSection
EndGlobal
